
Microsoft Visual Studio Solution File, Format Version 12.00
# Visual Studio Version 17
VisualStudioVersion = 17.0.31903.59
MinimumVisualStudioVersion = 10.0.40219.1
Project("{2150E333-8FDC-42A3-9474-1A3956D46DE8}") = "src", "src", "{C7B432FC-91B6-49D6-88D9-8092E63437EE}"
EndProject
Project("{9A19103F-16F7-4668-BE54-9A1E7A4F7556}") = "Lumex.Domain", "src\Lumex.Domain\Lumex.Domain.csproj", "{D130951C-E7AB-45FF-A98D-A6B3A60EB625}"
EndProject
Project("{9A19103F-16F7-4668-BE54-9A1E7A4F7556}") = "Lumex.Data", "src\Lumex.Data\Lumex.Data.csproj", "{978283C2-B10B-458C-A311-D65B6CAD94B4}"
EndProject
Project("{9A19103F-16F7-4668-BE54-9A1E7A4F7556}") = "Lumex.Service", "src\Lumex.Services\Lumex.Service.csproj", "{73C0E425-8FBA-489D-9492-CC4631AB41D3}"
EndProject
Project("{9A19103F-16F7-4668-BE54-9A1E7A4F7556}") = "Lumex.Api", "src\Lumex.Api\Lumex.Api.csproj", "{6A0DA862-CBEE-4C67-94DF-B21F9400209F}"
EndProject
Global
	GlobalSection(SolutionConfigurationPlatforms) = preSolution
		Debug|Any CPU = Debug|Any CPU
		Release|Any CPU = Release|Any CPU
	EndGlobalSection
	GlobalSection(ProjectConfigurationPlatforms) = postSolution
		{D130951C-E7AB-45FF-A98D-A6B3A60EB625}.Debug|Any CPU.ActiveCfg = Debug|Any CPU
		{D130951C-E7AB-45FF-A98D-A6B3A60EB625}.Debug|Any CPU.Build.0 = Debug|Any CPU
		{D130951C-E7AB-45FF-A98D-A6B3A60EB625}.Release|Any CPU.ActiveCfg = Release|Any CPU
		{D130951C-E7AB-45FF-A98D-A6B3A60EB625}.Release|Any CPU.Build.0 = Release|Any CPU
		{978283C2-B10B-458C-A311-D65B6CAD94B4}.Debug|Any CPU.ActiveCfg = Debug|Any CPU
		{978283C2-B10B-458C-A311-D65B6CAD94B4}.Debug|Any CPU.Build.0 = Debug|Any CPU
		{978283C2-B10B-458C-A311-D65B6CAD94B4}.Release|Any CPU.ActiveCfg = Release|Any CPU
		{978283C2-B10B-458C-A311-D65B6CAD94B4}.Release|Any CPU.Build.0 = Release|Any CPU
		{73C0E425-8FBA-489D-9492-CC4631AB41D3}.Debug|Any CPU.ActiveCfg = Debug|Any CPU
		{73C0E425-8FBA-489D-9492-CC4631AB41D3}.Debug|Any CPU.Build.0 = Debug|Any CPU
		{73C0E425-8FBA-489D-9492-CC4631AB41D3}.Release|Any CPU.ActiveCfg = Release|Any CPU
		{73C0E425-8FBA-489D-9492-CC4631AB41D3}.Release|Any CPU.Build.0 = Release|Any CPU
		{6A0DA862-CBEE-4C67-94DF-B21F9400209F}.Debug|Any CPU.ActiveCfg = Debug|Any CPU
		{6A0DA862-CBEE-4C67-94DF-B21F9400209F}.Debug|Any CPU.Build.0 = Debug|Any CPU
		{6A0DA862-CBEE-4C67-94DF-B21F9400209F}.Release|Any CPU.ActiveCfg = Release|Any CPU
		{6A0DA862-CBEE-4C67-94DF-B21F9400209F}.Release|Any CPU.Build.0 = Release|Any CPU
	EndGlobalSection
	GlobalSection(SolutionProperties) = preSolution
		HideSolutionNode = FALSE
	EndGlobalSection
	GlobalSection(NestedProjects) = preSolution
		{D130951C-E7AB-45FF-A98D-A6B3A60EB625} = {C7B432FC-91B6-49D6-88D9-8092E63437EE}
		{978283C2-B10B-458C-A311-D65B6CAD94B4} = {C7B432FC-91B6-49D6-88D9-8092E63437EE}
		{73C0E425-8FBA-489D-9492-CC4631AB41D3} = {C7B432FC-91B6-49D6-88D9-8092E63437EE}
		{6A0DA862-CBEE-4C67-94DF-B21F9400209F} = {C7B432FC-91B6-49D6-88D9-8092E63437EE}
	EndGlobalSection
EndGlobal
